
Microsoft Visual Studio Solution File, Format Version 12.00
# Visual Studio Version 16
VisualStudioVersion = 16.0.31402.337
MinimumVisualStudioVersion = 10.0.40219.1
Project("{FAE04EC0-301F-11D3-BF4B-00C04F79EFBC}") = "ShuleYetu", "ShuleYetu\ShuleYetu.csproj", "{3B0263FA-757F-484C-9AD9-F98166217DA7}"
EndProject
Global
	GlobalSection(SolutionConfigurationPlatforms) = preSolution
		Debug|Any CPU = Debug|Any CPU
		Release|Any CPU = Release|Any CPU
	EndGlobalSection
	GlobalSection(ProjectConfigurationPlatforms) = postSolution
		{3B0263FA-757F-484C-9AD9-F98166217DA7}.Debug|Any CPU.ActiveCfg = Debug|Any CPU
		{3B0263FA-757F-484C-9AD9-F98166217DA7}.Debug|Any CPU.Build.0 = Debug|Any CPU
		{3B0263FA-757F-484C-9AD9-F98166217DA7}.Release|Any CPU.ActiveCfg = Release|Any CPU
		{3B0263FA-757F-484C-9AD9-F98166217DA7}.Release|Any CPU.Build.0 = Release|Any CPU
	EndGlobalSection
	GlobalSection(SolutionProperties) = preSolution
		HideSolutionNode = FALSE
	EndGlobalSection
	GlobalSection(ExtensibilityGlobals) = postSolution
		SolutionGuid = {A053E048-31D8-4242-B10D-E67BF1D20E42}
	EndGlobalSection
EndGlobal
